
Microsoft Visual Studio Solution File, Format Version 12.00
# Visual Studio Version 16
VisualStudioVersion = 16.0.29326.143
MinimumVisualStudioVersion = 10.0.40219.1
Project("{FAE04EC0-301F-11D3-BF4B-00C04F79EFBC}") = "StatusBot", "StatusBot.csproj", "{BBC9E50C-5275-4676-B205-91361A0F0C62}"
EndProject
Global
	GlobalSection(SolutionConfigurationPlatforms) = preSolution
		Debug|Any CPU = Debug|Any CPU
		Release|Any CPU = Release|Any CPU
	EndGlobalSection
	GlobalSection(ProjectConfigurationPlatforms) = postSolution
		{BBC9E50C-5275-4676-B205-91361A0F0C62}.Debug|Any CPU.ActiveCfg = Debug|Any CPU
		{BBC9E50C-5275-4676-B205-91361A0F0C62}.Debug|Any CPU.Build.0 = Debug|Any CPU
		{BBC9E50C-5275-4676-B205-91361A0F0C62}.Release|Any CPU.ActiveCfg = Release|Any CPU
		{BBC9E50C-5275-4676-B205-91361A0F0C62}.Release|Any CPU.Build.0 = Release|Any CPU
	EndGlobalSection
	GlobalSection(SolutionProperties) = preSolution
		HideSolutionNode = FALSE
	EndGlobalSection
	GlobalSection(ExtensibilityGlobals) = postSolution
		SolutionGuid = {48364AB2-E0E8-41CA-9368-779157279AED}
	EndGlobalSection
EndGlobal
